
Microsoft Visual Studio Solution File, Format Version 12.00
# Visual Studio Version 17
VisualStudioVersion = 17.9.34728.123
MinimumVisualStudioVersion = 10.0.40219.1
Project("{9A19103F-16F7-4668-BE54-9A1E7A4F7556}") = "Client", "Client\Client.csproj", "{779B8FFD-97FB-40D8-BA41-935C66B8D03C}"
EndProject
Project("{9A19103F-16F7-4668-BE54-9A1E7A4F7556}") = "Shared", "Shared\Shared.csproj", "{B1572570-CC9B-4990-9A42-A22D4C4EA3A2}"
EndProject
Project("{9A19103F-16F7-4668-BE54-9A1E7A4F7556}") = "Infrastructure", "Infrastructure\Infrastructure.csproj", "{1DF40D78-5CFD-4870-BAC8-FB191C9E3E99}"
EndProject
Global
	GlobalSection(SolutionConfigurationPlatforms) = preSolution
		Debug|Any CPU = Debug|Any CPU
		Release|Any CPU = Release|Any CPU
	EndGlobalSection
	GlobalSection(ProjectConfigurationPlatforms) = postSolution
		{779B8FFD-97FB-40D8-BA41-935C66B8D03C}.Debug|Any CPU.ActiveCfg = Debug|Any CPU
		{779B8FFD-97FB-40D8-BA41-935C66B8D03C}.Debug|Any CPU.Build.0 = Debug|Any CPU
		{779B8FFD-97FB-40D8-BA41-935C66B8D03C}.Release|Any CPU.ActiveCfg = Release|Any CPU
		{779B8FFD-97FB-40D8-BA41-935C66B8D03C}.Release|Any CPU.Build.0 = Release|Any CPU
		{B1572570-CC9B-4990-9A42-A22D4C4EA3A2}.Debug|Any CPU.ActiveCfg = Debug|Any CPU
		{B1572570-CC9B-4990-9A42-A22D4C4EA3A2}.Debug|Any CPU.Build.0 = Debug|Any CPU
		{B1572570-CC9B-4990-9A42-A22D4C4EA3A2}.Release|Any CPU.ActiveCfg = Release|Any CPU
		{B1572570-CC9B-4990-9A42-A22D4C4EA3A2}.Release|Any CPU.Build.0 = Release|Any CPU
		{1DF40D78-5CFD-4870-BAC8-FB191C9E3E99}.Debug|Any CPU.ActiveCfg = Debug|Any CPU
		{1DF40D78-5CFD-4870-BAC8-FB191C9E3E99}.Debug|Any CPU.Build.0 = Debug|Any CPU
		{1DF40D78-5CFD-4870-BAC8-FB191C9E3E99}.Release|Any CPU.ActiveCfg = Release|Any CPU
		{1DF40D78-5CFD-4870-BAC8-FB191C9E3E99}.Release|Any CPU.Build.0 = Release|Any CPU
	EndGlobalSection
	GlobalSection(SolutionProperties) = preSolution
		HideSolutionNode = FALSE
	EndGlobalSection
	GlobalSection(ExtensibilityGlobals) = postSolution
		SolutionGuid = {B7CCFA11-6D59-4589-A0F9-124AAAE748AB}
	EndGlobalSection
EndGlobal
